
Microsoft Visual Studio Solution File, Format Version 12.00
# Visual Studio Version 17
VisualStudioVersion = 17.12.35707.178
MinimumVisualStudioVersion = 10.0.40219.1
Project("{FAE04EC0-301F-11D3-BF4B-00C04F79EFBC}") = "CovaDISAutoAPI.API", "CovaDISAutoAPI.API\CovaDISAutoAPI.API.csproj", "{89A4859D-D05B-4B91-8CD1-2625377B6EB0}"
	ProjectSection(ProjectDependencies) = postProject
		{688A24A6-48BE-4290-9828-C8F8766A567E} = {688A24A6-48BE-4290-9828-C8F8766A567E}
	EndProjectSection
EndProject
Project("{FAE04EC0-301F-11D3-BF4B-00C04F79EFBC}") = "CovaDISAutoAPI.Client", "CovaDISAutoAPI.Client\CovaDISAutoAPI.Client.csproj", "{10D802D7-FDE5-4EA7-A508-38E50D742C69}"
EndProject
Project("{FAE04EC0-301F-11D3-BF4B-00C04F79EFBC}") = "CovaDISAutoAPI.Application", "CovaDISAutoAPI.Application\CovaDISAutoAPI.Application.csproj", "{9CEC5A61-1D83-42A8-84F9-123EE7AD7FBC}"
EndProject
Project("{FAE04EC0-301F-11D3-BF4B-00C04F79EFBC}") = "CovaDISAutoAPI.Domain", "CovaDISAutoAPI.Domain\CovaDISAutoAPI.Domain.csproj", "{688A24A6-48BE-4290-9828-C8F8766A567E}"
EndProject
Project("{FAE04EC0-301F-11D3-BF4B-00C04F79EFBC}") = "CovaDISAutoAPI.Infrastucture", "CovaDISAutoAPI.Infrastucture\CovaDISAutoAPI.Infrastucture.csproj", "{BA0F0625-DED7-45DB-A561-68432A8A0054}"
EndProject
Project("{FAE04EC0-301F-11D3-BF4B-00C04F79EFBC}") = "CovaDISAutoAPI.Shared", "CovaDISAutoAPI.Shared\CovaDISAutoAPI.Shared.csproj", "{CCE70033-C8BC-4D09-B1E3-2E72971ACDC6}"
EndProject
Project("{FAE04EC0-301F-11D3-BF4B-00C04F79EFBC}") = "CovaDISAutoAPI.Blazor", "CovaDISAutoAPI.Blazor\CovaDISAutoAPI.Blazor.csproj", "{148D006B-2D1F-4E68-A8DA-397B040A1CDA}"
EndProject
Global
	GlobalSection(SolutionConfigurationPlatforms) = preSolution
		Debug|Any CPU = Debug|Any CPU
		Release|Any CPU = Release|Any CPU
	EndGlobalSection
	GlobalSection(ProjectConfigurationPlatforms) = postSolution
		{89A4859D-D05B-4B91-8CD1-2625377B6EB0}.Debug|Any CPU.ActiveCfg = Debug|Any CPU
		{89A4859D-D05B-4B91-8CD1-2625377B6EB0}.Debug|Any CPU.Build.0 = Debug|Any CPU
		{89A4859D-D05B-4B91-8CD1-2625377B6EB0}.Release|Any CPU.ActiveCfg = Release|Any CPU
		{89A4859D-D05B-4B91-8CD1-2625377B6EB0}.Release|Any CPU.Build.0 = Release|Any CPU
		{10D802D7-FDE5-4EA7-A508-38E50D742C69}.Debug|Any CPU.ActiveCfg = Debug|Any CPU
		{10D802D7-FDE5-4EA7-A508-38E50D742C69}.Debug|Any CPU.Build.0 = Debug|Any CPU
		{10D802D7-FDE5-4EA7-A508-38E50D742C69}.Release|Any CPU.ActiveCfg = Release|Any CPU
		{10D802D7-FDE5-4EA7-A508-38E50D742C69}.Release|Any CPU.Build.0 = Release|Any CPU
		{9CEC5A61-1D83-42A8-84F9-123EE7AD7FBC}.Debug|Any CPU.ActiveCfg = Debug|Any CPU
		{9CEC5A61-1D83-42A8-84F9-123EE7AD7FBC}.Debug|Any CPU.Build.0 = Debug|Any CPU
		{9CEC5A61-1D83-42A8-84F9-123EE7AD7FBC}.Release|Any CPU.ActiveCfg = Release|Any CPU
		{9CEC5A61-1D83-42A8-84F9-123EE7AD7FBC}.Release|Any CPU.Build.0 = Release|Any CPU
		{688A24A6-48BE-4290-9828-C8F8766A567E}.Debug|Any CPU.ActiveCfg = Debug|Any CPU
		{688A24A6-48BE-4290-9828-C8F8766A567E}.Debug|Any CPU.Build.0 = Debug|Any CPU
		{688A24A6-48BE-4290-9828-C8F8766A567E}.Release|Any CPU.ActiveCfg = Release|Any CPU
		{688A24A6-48BE-4290-9828-C8F8766A567E}.Release|Any CPU.Build.0 = Release|Any CPU
		{BA0F0625-DED7-45DB-A561-68432A8A0054}.Debug|Any CPU.ActiveCfg = Debug|Any CPU
		{BA0F0625-DED7-45DB-A561-68432A8A0054}.Debug|Any CPU.Build.0 = Debug|Any CPU
		{BA0F0625-DED7-45DB-A561-68432A8A0054}.Release|Any CPU.ActiveCfg = Release|Any CPU
		{BA0F0625-DED7-45DB-A561-68432A8A0054}.Release|Any CPU.Build.0 = Release|Any CPU
		{CCE70033-C8BC-4D09-B1E3-2E72971ACDC6}.Debug|Any CPU.ActiveCfg = Debug|Any CPU
		{CCE70033-C8BC-4D09-B1E3-2E72971ACDC6}.Debug|Any CPU.Build.0 = Debug|Any CPU
		{CCE70033-C8BC-4D09-B1E3-2E72971ACDC6}.Release|Any CPU.ActiveCfg = Release|Any CPU
		{CCE70033-C8BC-4D09-B1E3-2E72971ACDC6}.Release|Any CPU.Build.0 = Release|Any CPU
		{148D006B-2D1F-4E68-A8DA-397B040A1CDA}.Debug|Any CPU.ActiveCfg = Debug|Any CPU
		{148D006B-2D1F-4E68-A8DA-397B040A1CDA}.Debug|Any CPU.Build.0 = Debug|Any CPU
		{148D006B-2D1F-4E68-A8DA-397B040A1CDA}.Release|Any CPU.ActiveCfg = Release|Any CPU
		{148D006B-2D1F-4E68-A8DA-397B040A1CDA}.Release|Any CPU.Build.0 = Release|Any CPU
	EndGlobalSection
	GlobalSection(SolutionProperties) = preSolution
		HideSolutionNode = FALSE
	EndGlobalSection
EndGlobal
